{
    "_readme": [
        "This file locks the dependencies of your project to a known state",
        "Read more about it at https://getcomposer.org/doc/01-basic-usage.md#composer-lock-the-lock-file",
        "This file is @generated automatically"
    ],
    "content-hash": "a3a18b9bc2372640fcd09c046780f506",
    "packages": [
        {
            "name": "pagamastarde/autoindex",
            "version": "v1.0",
            "source": {
                "type": "git",
                "url": "https://github.com/PagaMasTarde/autoindex.git",
                "reference": "74f7747a894f1220b400f601a810eeb764d21c6b"
            },
            "dist": {
                "type": "zip",
                "url": "https://api.github.com/repos/PagaMasTarde/autoindex/zipball/74f7747a894f1220b400f601a810eeb764d21c6b",
                "reference": "74f7747a894f1220b400f601a810eeb764d21c6b",
                "shasum": ""
            },
            "require": {
                "php": ">=5.4"
            },
            "type": "module",
            "extra": {
                "branch-alias": {
                    "dev-master": "1.0-dev"
                }
            },
            "notification-url": "https://packagist.org/downloads/",
            "license": [
                "MIT"
            ],
            "authors": [
                {
                    "name": "Digital Origin",
                    "email": "cromero@digitalorigin.com"
                }
            ],
            "description": "Generate index.php file in all directories that does not contain index.php file. This is helpful for prestashop",
            "homepage": "https://github.com/pagamastarde/autoindex",
            "keywords": [
                "autoindex",
                "index",
                "module",
                "prestashop"
            ],
            "time": "2017-06-27T22:57:35+00:00"
        },
        {
            "name": "pagamastarde/shopper-library",
            "version": "v1.0.2",
            "source": {
                "type": "git",
                "url": "https://github.com/PagaMasTarde/shopperLibrary.git",
                "reference": "2a4a82b36ae7b26145527ae598b1919c9a532b64"
            },
            "dist": {
                "type": "zip",
                "url": "https://api.github.com/repos/PagaMasTarde/shopperLibrary/zipball/2a4a82b36ae7b26145527ae598b1919c9a532b64",
                "reference": "2a4a82b36ae7b26145527ae598b1919c9a532b64",
                "shasum": ""
            },
            "require": {
                "php": ">=5.4"
            },
            "require-dev": {
                "phpunit/phpunit": "^4.8"
            },
            "type": "library",
            "autoload": {
                "psr-4": {
                    "ShopperLibrary\\": "src/"
                }
            },
            "notification-url": "https://packagist.org/downloads/",
            "license": [
                "MIT"
            ],
            "authors": [
                {
                    "name": "DigitalOrigin",
                    "email": "cromero@digitalorigin.com"
                }
            ],
            "description": "Library with the models of the shop modules",
            "time": "2017-06-27T16:18:00+00:00"
        }
    ],
    "packages-dev": [],
    "aliases": [],
    "minimum-stability": "stable",
    "stability-flags": [],
    "prefer-stable": false,
    "prefer-lowest": false,
    "platform": [],
    "platform-dev": []
}
